// !$*UTF8*$!
{
	archiveVersion = 1;
	classes = {
	};
	objectVersion = 46;
	objects = {

/* Begin PBXBuildFile section */
		1C0B976E1EAB56A4001666AF /* main.m in Sources */ = {isa = PBXBuildFile; fileRef = 1C0B976D1EAB56A4001666AF /* main.m */; };
		1C0B97711EAB56A4001666AF /* AppDelegate.m in Sources */ = {isa = PBXBuildFile; fileRef = 1C0B97701EAB56A4001666AF /* AppDelegate.m */; };
		1C0B97741EAB56A4001666AF /* ViewController.m in Sources */ = {isa = PBXBuildFile; fileRef = 1C0B97731EAB56A4001666AF /* ViewController.m */; };
		1C0B97771EAB56A4001666AF /* Main.storyboard in Resources */ = {isa = PBXBuildFile; fileRef = 1C0B97751EAB56A4001666AF /* Main.storyboard */; };
		1C0B97791EAB56A4001666AF /* Assets.xcassets in Resources */ = {isa = PBXBuildFile; fileRef = 1C0B97781EAB56A4001666AF /* Assets.xcassets */; };
		1C0B977C1EAB56A4001666AF /* LaunchScreen.storyboard in Resources */ = {isa = PBXBuildFile; fileRef = 1C0B977A1EAB56A4001666AF /* LaunchScreen.storyboard */; };
		1C1D9503211C24EF00E22066 /* YZHUITextView.m in Sources */ = {isa = PBXBuildFile; fileRef = 1C1D9502211C24EE00E22066 /* YZHUITextView.m */; };
		1C421CB51EF3C2B800357DC5 /* success@2x.png in Resources */ = {isa = PBXBuildFile; fileRef = 1C421CB31EF3C2B800357DC5 /* success@2x.png */; };
		1C421CC51EF445EF00357DC5 /* YZHUIAlertView.m in Sources */ = {isa = PBXBuildFile; fileRef = 1C421CC41EF445EF00357DC5 /* YZHUIAlertView.m */; };
		1C7E266B2085C38900C2D7A0 /* TestAlertViewController.m in Sources */ = {isa = PBXBuildFile; fileRef = 1C7E266A2085C38900C2D7A0 /* TestAlertViewController.m */; };
		1C7E266E2085C39C00C2D7A0 /* TestProgressViewController.m in Sources */ = {isa = PBXBuildFile; fileRef = 1C7E266D2085C39C00C2D7A0 /* TestProgressViewController.m */; };
		1C8712B42140DCC000D04C4C /* YZHKeyboardManager.m in Sources */ = {isa = PBXBuildFile; fileRef = 1C8712B32140DCBF00D04C4C /* YZHKeyboardManager.m */; };
		1CC7DC831EF5228C002B5D09 /* fail@2x.png in Resources */ = {isa = PBXBuildFile; fileRef = 1CC7DC821EF5228C002B5D09 /* fail@2x.png */; };
		1CC7DC861EF5229B002B5D09 /* YZHUIProgressView+Default.m in Sources */ = {isa = PBXBuildFile; fileRef = 1CC7DC851EF5229B002B5D09 /* YZHUIProgressView+Default.m */; };
		1CC86CC020AEA12300005AE3 /* YZHUIGraphicsImage.m in Sources */ = {isa = PBXBuildFile; fileRef = 1CC86CBF20AEA12300005AE3 /* YZHUIGraphicsImage.m */; };
		1CD79FB4212303BE00123316 /* YZHUIButton.m in Sources */ = {isa = PBXBuildFile; fileRef = 1CD79FB3212303BE00123316 /* YZHUIButton.m */; };
		1CEC4C051EEA32870052ECE3 /* YZHUIProgressView.m in Sources */ = {isa = PBXBuildFile; fileRef = 1CEC4C041EEA32870052ECE3 /* YZHUIProgressView.m */; };
/* End PBXBuildFile section */

/* Begin PBXFileReference section */
		1C0B97691EAB56A4001666AF /* YZHUIAlertViewDemo.app */ = {isa = PBXFileReference; explicitFileType = wrapper.application; includeInIndex = 0; path = YZHUIAlertViewDemo.app; sourceTree = BUILT_PRODUCTS_DIR; };
		1C0B976D1EAB56A4001666AF /* main.m */ = {isa = PBXFileReference; lastKnownFileType = sourcecode.c.objc; path = main.m; sourceTree = "<group>"; };
		1C0B976F1EAB56A4001666AF /* AppDelegate.h */ = {isa = PBXFileReference; lastKnownFileType = sourcecode.c.h; path = AppDelegate.h; sourceTree = "<group>"; };
		1C0B97701EAB56A4001666AF /* AppDelegate.m */ = {isa = PBXFileReference; lastKnownFileType = sourcecode.c.objc; path = AppDelegate.m; sourceTree = "<group>"; };
		1C0B97721EAB56A4001666AF /* ViewController.h */ = {isa = PBXFileReference; lastKnownFileType = sourcecode.c.h; path = ViewController.h; sourceTree = "<group>"; };
		1C0B97731EAB56A4001666AF /* ViewController.m */ = {isa = PBXFileReference; lastKnownFileType = sourcecode.c.objc; path = ViewController.m; sourceTree = "<group>"; };
		1C0B97761EAB56A4001666AF /* Base */ = {isa = PBXFileReference; lastKnownFileType = file.storyboard; name = Base; path = Base.lproj/Main.storyboard; sourceTree = "<group>"; };
		1C0B97781EAB56A4001666AF /* Assets.xcassets */ = {isa = PBXFileReference; lastKnownFileType = folder.assetcatalog; path = Assets.xcassets; sourceTree = "<group>"; };
		1C0B977B1EAB56A4001666AF /* Base */ = {isa = PBXFileReference; lastKnownFileType = file.storyboard; name = Base; path = Base.lproj/LaunchScreen.storyboard; sourceTree = "<group>"; };
		1C0B977D1EAB56A4001666AF /* Info.plist */ = {isa = PBXFileReference; lastKnownFileType = text.plist.xml; path = Info.plist; sourceTree = "<group>"; };
		1C1D9501211C24EE00E22066 /* YZHUITextView.h */ = {isa = PBXFileReference; lastKnownFileType = sourcecode.c.h; path = YZHUITextView.h; sourceTree = "<group>"; };
		1C1D9502211C24EE00E22066 /* YZHUITextView.m */ = {isa = PBXFileReference; lastKnownFileType = sourcecode.c.objc; path = YZHUITextView.m; sourceTree = "<group>"; };
		1C421CB31EF3C2B800357DC5 /* success@2x.png */ = {isa = PBXFileReference; lastKnownFileType = image.png; path = "success@2x.png"; sourceTree = "<group>"; };
		1C421CC31EF445EF00357DC5 /* YZHUIAlertView.h */ = {isa = PBXFileReference; fileEncoding = 4; lastKnownFileType = sourcecode.c.h; path = YZHUIAlertView.h; sourceTree = "<group>"; };
		1C421CC41EF445EF00357DC5 /* YZHUIAlertView.m */ = {isa = PBXFileReference; fileEncoding = 4; lastKnownFileType = sourcecode.c.objc; path = YZHUIAlertView.m; sourceTree = "<group>"; };
		1C557E90208F2F4E0006E857 /* Macro.h */ = {isa = PBXFileReference; fileEncoding = 4; lastKnownFileType = sourcecode.c.h; path = Macro.h; sourceTree = "<group>"; };
		1C7E26692085C38900C2D7A0 /* TestAlertViewController.h */ = {isa = PBXFileReference; lastKnownFileType = sourcecode.c.h; path = TestAlertViewController.h; sourceTree = "<group>"; };
		1C7E266A2085C38900C2D7A0 /* TestAlertViewController.m */ = {isa = PBXFileReference; lastKnownFileType = sourcecode.c.objc; path = TestAlertViewController.m; sourceTree = "<group>"; };
		1C7E266C2085C39C00C2D7A0 /* TestProgressViewController.h */ = {isa = PBXFileReference; lastKnownFileType = sourcecode.c.h; path = TestProgressViewController.h; sourceTree = "<group>"; };
		1C7E266D2085C39C00C2D7A0 /* TestProgressViewController.m */ = {isa = PBXFileReference; lastKnownFileType = sourcecode.c.objc; path = TestProgressViewController.m; sourceTree = "<group>"; };
		1C7E266F2085C77000C2D7A0 /* PrefixHeader.pch */ = {isa = PBXFileReference; lastKnownFileType = sourcecode.c.h; path = PrefixHeader.pch; sourceTree = "<group>"; };
		1C8712B22140DCBF00D04C4C /* YZHKeyboardManager.h */ = {isa = PBXFileReference; fileEncoding = 4; lastKnownFileType = sourcecode.c.h; path = YZHKeyboardManager.h; sourceTree = "<group>"; };
		1C8712B32140DCBF00D04C4C /* YZHKeyboardManager.m */ = {isa = PBXFileReference; fileEncoding = 4; lastKnownFileType = sourcecode.c.objc; path = YZHKeyboardManager.m; sourceTree = "<group>"; };
		1CC7DC821EF5228C002B5D09 /* fail@2x.png */ = {isa = PBXFileReference; lastKnownFileType = image.png; path = "fail@2x.png"; sourceTree = "<group>"; };
		1CC7DC841EF5229B002B5D09 /* YZHUIProgressView+Default.h */ = {isa = PBXFileReference; fileEncoding = 4; lastKnownFileType = sourcecode.c.h; path = "YZHUIProgressView+Default.h"; sourceTree = "<group>"; };
		1CC7DC851EF5229B002B5D09 /* YZHUIProgressView+Default.m */ = {isa = PBXFileReference; fileEncoding = 4; lastKnownFileType = sourcecode.c.objc; path = "YZHUIProgressView+Default.m"; sourceTree = "<group>"; };
		1CC86CBE20AEA12300005AE3 /* YZHUIGraphicsImage.h */ = {isa = PBXFileReference; lastKnownFileType = sourcecode.c.h; path = YZHUIGraphicsImage.h; sourceTree = "<group>"; };
		1CC86CBF20AEA12300005AE3 /* YZHUIGraphicsImage.m */ = {isa = PBXFileReference; lastKnownFileType = sourcecode.c.objc; path = YZHUIGraphicsImage.m; sourceTree = "<group>"; };
		1CD79FB2212303BE00123316 /* YZHUIButton.h */ = {isa = PBXFileReference; fileEncoding = 4; lastKnownFileType = sourcecode.c.h; path = YZHUIButton.h; sourceTree = "<group>"; };
		1CD79FB3212303BE00123316 /* YZHUIButton.m */ = {isa = PBXFileReference; fileEncoding = 4; lastKnownFileType = sourcecode.c.objc; path = YZHUIButton.m; sourceTree = "<group>"; };
		1CEC4C031EEA32870052ECE3 /* YZHUIProgressView.h */ = {isa = PBXFileReference; fileEncoding = 4; lastKnownFileType = sourcecode.c.h; path = YZHUIProgressView.h; sourceTree = "<group>"; };
		1CEC4C041EEA32870052ECE3 /* YZHUIProgressView.m */ = {isa = PBXFileReference; fileEncoding = 4; lastKnownFileType = sourcecode.c.objc; path = YZHUIProgressView.m; sourceTree = "<group>"; };
/* End PBXFileReference section */

/* Begin PBXFrameworksBuildPhase section */
		1C0B97661EAB56A4001666AF /* Frameworks */ = {
			isa = PBXFrameworksBuildPhase;
			buildActionMask = 2147483647;
			files = (
			);
			runOnlyForDeploymentPostprocessing = 0;
		};
/* End PBXFrameworksBuildPhase section */

/* Begin PBXGroup section */
		1C0B97601EAB56A4001666AF = {
			isa = PBXGroup;
			children = (
				1C0B976B1EAB56A4001666AF /* YZHUIAlertViewDemo */,
				1C0B976A1EAB56A4001666AF /* Products */,
			);
			sourceTree = "<group>";
		};
		1C0B976A1EAB56A4001666AF /* Products */ = {
			isa = PBXGroup;
			children = (
				1C0B97691EAB56A4001666AF /* YZHUIAlertViewDemo.app */,
			);
			name = Products;
			sourceTree = "<group>";
		};
		1C0B976B1EAB56A4001666AF /* YZHUIAlertViewDemo */ = {
			isa = PBXGroup;
			children = (
				1C8712B12140DCBF00D04C4C /* YZHKeyboardManager */,
				1CD79FB1212303BE00123316 /* YZHUIButton */,
				1C1D9500211C24BF00E22066 /* YZHUITextView */,
				1C557E90208F2F4E0006E857 /* Macro.h */,
				1C421CB11EF3C2B800357DC5 /* resource */,
				1CEC4C021EEA32490052ECE3 /* YZHUIProgressView */,
				1C0B976F1EAB56A4001666AF /* AppDelegate.h */,
				1C0B97701EAB56A4001666AF /* AppDelegate.m */,
				1C0B97721EAB56A4001666AF /* ViewController.h */,
				1C0B97731EAB56A4001666AF /* ViewController.m */,
				1C0B97751EAB56A4001666AF /* Main.storyboard */,
				1C0B97781EAB56A4001666AF /* Assets.xcassets */,
				1C0B977A1EAB56A4001666AF /* LaunchScreen.storyboard */,
				1C0B977D1EAB56A4001666AF /* Info.plist */,
				1C0B976C1EAB56A4001666AF /* Supporting Files */,
				1C7E26692085C38900C2D7A0 /* TestAlertViewController.h */,
				1C7E266A2085C38900C2D7A0 /* TestAlertViewController.m */,
				1C7E266C2085C39C00C2D7A0 /* TestProgressViewController.h */,
				1C7E266D2085C39C00C2D7A0 /* TestProgressViewController.m */,
				1C7E266F2085C77000C2D7A0 /* PrefixHeader.pch */,
			);
			path = YZHUIAlertViewDemo;
			sourceTree = "<group>";
		};
		1C0B976C1EAB56A4001666AF /* Supporting Files */ = {
			isa = PBXGroup;
			children = (
				1C0B976D1EAB56A4001666AF /* main.m */,
			);
			name = "Supporting Files";
			sourceTree = "<group>";
		};
		1C1D9500211C24BF00E22066 /* YZHUITextView */ = {
			isa = PBXGroup;
			children = (
				1C1D9501211C24EE00E22066 /* YZHUITextView.h */,
				1C1D9502211C24EE00E22066 /* YZHUITextView.m */,
			);
			path = YZHUITextView;
			sourceTree = "<group>";
		};
		1C421CB11EF3C2B800357DC5 /* resource */ = {
			isa = PBXGroup;
			children = (
				1CC7DC821EF5228C002B5D09 /* fail@2x.png */,
				1C421CB31EF3C2B800357DC5 /* success@2x.png */,
			);
			path = resource;
			sourceTree = "<group>";
		};
		1C421CC11EF445EF00357DC5 /* YZHUIAlertView */ = {
			isa = PBXGroup;
			children = (
				1C421CC31EF445EF00357DC5 /* YZHUIAlertView.h */,
				1C421CC41EF445EF00357DC5 /* YZHUIAlertView.m */,
			);
			path = YZHUIAlertView;
			sourceTree = "<group>";
		};
		1C8712B12140DCBF00D04C4C /* YZHKeyboardManager */ = {
			isa = PBXGroup;
			children = (
				1C8712B22140DCBF00D04C4C /* YZHKeyboardManager.h */,
				1C8712B32140DCBF00D04C4C /* YZHKeyboardManager.m */,
			);
			path = YZHKeyboardManager;
			sourceTree = "<group>";
		};
		1CD79FB1212303BE00123316 /* YZHUIButton */ = {
			isa = PBXGroup;
			children = (
				1CD79FB2212303BE00123316 /* YZHUIButton.h */,
				1CD79FB3212303BE00123316 /* YZHUIButton.m */,
			);
			path = YZHUIButton;
			sourceTree = "<group>";
		};
		1CEC4C021EEA32490052ECE3 /* YZHUIProgressView */ = {
			isa = PBXGroup;
			children = (
				1C421CC11EF445EF00357DC5 /* YZHUIAlertView */,
				1CEC4C031EEA32870052ECE3 /* YZHUIProgressView.h */,
				1CEC4C041EEA32870052ECE3 /* YZHUIProgressView.m */,
				1CC7DC841EF5229B002B5D09 /* YZHUIProgressView+Default.h */,
				1CC7DC851EF5229B002B5D09 /* YZHUIProgressView+Default.m */,
				1CC86CBE20AEA12300005AE3 /* YZHUIGraphicsImage.h */,
				1CC86CBF20AEA12300005AE3 /* YZHUIGraphicsImage.m */,
			);
			path = YZHUIProgressView;
			sourceTree = "<group>";
		};
/* End PBXGroup section */

/* Begin PBXNativeTarget section */
		1C0B97681EAB56A4001666AF /* YZHUIAlertViewDemo */ = {
			isa = PBXNativeTarget;
			buildConfigurationList = 1C0B97801EAB56A4001666AF /* Build configuration list for PBXNativeTarget "YZHUIAlertViewDemo" */;
			buildPhases = (
				1C0B97651EAB56A4001666AF /* Sources */,
				1C0B97661EAB56A4001666AF /* Frameworks */,
				1C0B97671EAB56A4001666AF /* Resources */,
			);
			buildRules = (
			);
			dependencies = (
			);
			name = YZHUIAlertViewDemo;
			productName = YZHUIAlertViewDemo;
			productReference = 1C0B97691EAB56A4001666AF /* YZHUIAlertViewDemo.app */;
			productType = "com.apple.product-type.application";
		};
/* End PBXNativeTarget section */

/* Begin PBXProject section */
		1C0B97611EAB56A4001666AF /* Project object */ = {
			isa = PBXProject;
			attributes = {
				LastUpgradeCheck = 0830;
				ORGANIZATIONNAME = yuan;
				TargetAttributes = {
					1C0B97681EAB56A4001666AF = {
						CreatedOnToolsVersion = 8.3.1;
						DevelopmentTeam = QSXU259F8V;
						ProvisioningStyle = Automatic;
					};
				};
			};
			buildConfigurationList = 1C0B97641EAB56A4001666AF /* Build configuration list for PBXProject "YZHUIAlertViewDemo" */;
			compatibilityVersion = "Xcode 3.2";
			developmentRegion = English;
			hasScannedForEncodings = 0;
			knownRegions = (
				en,
				Base,
			);
			mainGroup = 1C0B97601EAB56A4001666AF;
			productRefGroup = 1C0B976A1EAB56A4001666AF /* Products */;
			projectDirPath = "";
			projectRoot = "";
			targets = (
				1C0B97681EAB56A4001666AF /* YZHUIAlertViewDemo */,
			);
		};
/* End PBXProject section */

/* Begin PBXResourcesBuildPhase section */
		1C0B97671EAB56A4001666AF /* Resources */ = {
			isa = PBXResourcesBuildPhase;
			buildActionMask = 2147483647;
			files = (
				1CC7DC831EF5228C002B5D09 /* fail@2x.png in Resources */,
				1C0B977C1EAB56A4001666AF /* LaunchScreen.storyboard in Resources */,
				1C0B97791EAB56A4001666AF /* Assets.xcassets in Resources */,
				1C421CB51EF3C2B800357DC5 /* success@2x.png in Resources */,
				1C0B97771EAB56A4001666AF /* Main.storyboard in Resources */,
			);
			runOnlyForDeploymentPostprocessing = 0;
		};
/* End PBXResourcesBuildPhase section */

/* Begin PBXSourcesBuildPhase section */
		1C0B97651EAB56A4001666AF /* Sources */ = {
			isa = PBXSourcesBuildPhase;
			buildActionMask = 2147483647;
			files = (
				1CC86CC020AEA12300005AE3 /* YZHUIGraphicsImage.m in Sources */,
				1CD79FB4212303BE00123316 /* YZHUIButton.m in Sources */,
				1C8712B42140DCC000D04C4C /* YZHKeyboardManager.m in Sources */,
				1C7E266E2085C39C00C2D7A0 /* TestProgressViewController.m in Sources */,
				1C0B97741EAB56A4001666AF /* ViewController.m in Sources */,
				1C421CC51EF445EF00357DC5 /* YZHUIAlertView.m in Sources */,
				1C0B97711EAB56A4001666AF /* AppDelegate.m in Sources */,
				1C7E266B2085C38900C2D7A0 /* TestAlertViewController.m in Sources */,
				1C0B976E1EAB56A4001666AF /* main.m in Sources */,
				1CEC4C051EEA32870052ECE3 /* YZHUIProgressView.m in Sources */,
				1CC7DC861EF5229B002B5D09 /* YZHUIProgressView+Default.m in Sources */,
				1C1D9503211C24EF00E22066 /* YZHUITextView.m in Sources */,
			);
			runOnlyForDeploymentPostprocessing = 0;
		};
/* End PBXSourcesBuildPhase section */

/* Begin PBXVariantGroup section */
		1C0B97751EAB56A4001666AF /* Main.storyboard */ = {
			isa = PBXVariantGroup;
			children = (
				1C0B97761EAB56A4001666AF /* Base */,
			);
			name = Main.storyboard;
			sourceTree = "<group>";
		};
		1C0B977A1EAB56A4001666AF /* LaunchScreen.storyboard */ = {
			isa = PBXVariantGroup;
			children = (
				1C0B977B1EAB56A4001666AF /* Base */,
			);
			name = LaunchScreen.storyboard;
			sourceTree = "<group>";
		};
/* End PBXVariantGroup section */

/* Begin XCBuildConfiguration section */
		1C0B977E1EAB56A4001666AF /* Debug */ = {
			isa = XCBuildConfiguration;
			buildSettings = {
				ALWAYS_SEARCH_USER_PATHS = NO;
				CLANG_ANALYZER_NONNULL = YES;
				CLANG_ANALYZER_NUMBER_OBJECT_CONVERSION = YES_AGGRESSIVE;
				CLANG_CXX_LANGUAGE_STANDARD = "gnu++0x";
				CLANG_CXX_LIBRARY = "libc++";
				CLANG_ENABLE_MODULES = YES;
				CLANG_ENABLE_OBJC_ARC = YES;
				CLANG_WARN_BOOL_CONVERSION = YES;
				CLANG_WARN_CONSTANT_CONVERSION = YES;
				CLANG_WARN_DIRECT_OBJC_ISA_USAGE = YES_ERROR;
				CLANG_WARN_DOCUMENTATION_COMMENTS = YES;
				CLANG_WARN_EMPTY_BODY = YES;
				CLANG_WARN_ENUM_CONVERSION = YES;
				CLANG_WARN_INFINITE_RECURSION = YES;
				CLANG_WARN_INT_CONVERSION = YES;
				CLANG_WARN_OBJC_ROOT_CLASS = YES_ERROR;
				CLANG_WARN_SUSPICIOUS_MOVE = YES;
				CLANG_WARN_UNREACHABLE_CODE = YES;
				CLANG_WARN__DUPLICATE_METHOD_MATCH = YES;
				"CODE_SIGN_IDENTITY[sdk=iphoneos*]" = "iPhone Developer";
				COPY_PHASE_STRIP = NO;
				DEBUG_INFORMATION_FORMAT = dwarf;
				ENABLE_STRICT_OBJC_MSGSEND = YES;
				ENABLE_TESTABILITY = YES;
				GCC_C_LANGUAGE_STANDARD = gnu99;
				GCC_DYNAMIC_NO_PIC = NO;
				GCC_NO_COMMON_BLOCKS = YES;
				GCC_OPTIMIZATION_LEVEL = 0;
				GCC_PREPROCESSOR_DEFINITIONS = (
					"DEBUG=1",
					"$(inherited)",
				);
				GCC_WARN_64_TO_32_BIT_CONVERSION = YES;
				GCC_WARN_ABOUT_RETURN_TYPE = YES_ERROR;
				GCC_WARN_UNDECLARED_SELECTOR = YES;
				GCC_WARN_UNINITIALIZED_AUTOS = YES_AGGRESSIVE;
				GCC_WARN_UNUSED_FUNCTION = YES;
				GCC_WARN_UNUSED_VARIABLE = YES;
				IPHONEOS_DEPLOYMENT_TARGET = 10.3;
				MTL_ENABLE_DEBUG_INFO = YES;
				ONLY_ACTIVE_ARCH = YES;
				SDKROOT = iphoneos;
				TARGETED_DEVICE_FAMILY = "1,2";
			};
			name = Debug;
		};
		1C0B977F1EAB56A4001666AF /* Release */ = {
			isa = XCBuildConfiguration;
			buildSettings = {
				ALWAYS_SEARCH_USER_PATHS = NO;
				CLANG_ANALYZER_NONNULL = YES;
				CLANG_ANALYZER_NUMBER_OBJECT_CONVERSION = YES_AGGRESSIVE;
				CLANG_CXX_LANGUAGE_STANDARD = "gnu++0x";
				CLANG_CXX_LIBRARY = "libc++";
				CLANG_ENABLE_MODULES = YES;
				CLANG_ENABLE_OBJC_ARC = YES;
				CLANG_WARN_BOOL_CONVERSION = YES;
				CLANG_WARN_CONSTANT_CONVERSION = YES;
				CLANG_WARN_DIRECT_OBJC_ISA_USAGE = YES_ERROR;
				CLANG_WARN_DOCUMENTATION_COMMENTS = YES;
				CLANG_WARN_EMPTY_BODY = YES;
				CLANG_WARN_ENUM_CONVERSION = YES;
				CLANG_WARN_INFINITE_RECURSION = YES;
				CLANG_WARN_INT_CONVERSION = YES;
				CLANG_WARN_OBJC_ROOT_CLASS = YES_ERROR;
				CLANG_WARN_SUSPICIOUS_MOVE = YES;
				CLANG_WARN_UNREACHABLE_CODE = YES;
				CLANG_WARN__DUPLICATE_METHOD_MATCH = YES;
				"CODE_SIGN_IDENTITY[sdk=iphoneos*]" = "iPhone Developer";
				COPY_PHASE_STRIP = NO;
				DEBUG_INFORMATION_FORMAT = "dwarf-with-dsym";
				ENABLE_NS_ASSERTIONS = NO;
				ENABLE_STRICT_OBJC_MSGSEND = YES;
				GCC_C_LANGUAGE_STANDARD = gnu99;
				GCC_NO_COMMON_BLOCKS = YES;
				GCC_WARN_64_TO_32_BIT_CONVERSION = YES;
				GCC_WARN_ABOUT_RETURN_TYPE = YES_ERROR;
				GCC_WARN_UNDECLARED_SELECTOR = YES;
				GCC_WARN_UNINITIALIZED_AUTOS = YES_AGGRESSIVE;
				GCC_WARN_UNUSED_FUNCTION = YES;
				GCC_WARN_UNUSED_VARIABLE = YES;
				IPHONEOS_DEPLOYMENT_TARGET = 10.3;
				MTL_ENABLE_DEBUG_INFO = NO;
				SDKROOT = iphoneos;
				TARGETED_DEVICE_FAMILY = "1,2";
				VALIDATE_PRODUCT = YES;
			};
			name = Release;
		};
		1C0B97811EAB56A4001666AF /* Debug */ = {
			isa = XCBuildConfiguration;
			buildSettings = {
				ASSETCATALOG_COMPILER_APPICON_NAME = AppIcon;
				DEVELOPMENT_TEAM = QSXU259F8V;
				GCC_PRECOMPILE_PREFIX_HEADER = YES;
				GCC_PREFIX_HEADER = YZHUIAlertViewDemo/PrefixHeader.pch;
				INFOPLIST_FILE = YZHUIAlertViewDemo/Info.plist;
				IPHONEOS_DEPLOYMENT_TARGET = 9.3;
				LD_RUNPATH_SEARCH_PATHS = "$(inherited) @executable_path/Frameworks";
				PRODUCT_BUNDLE_IDENTIFIER = test.YZHUIAlertViewDemo;
				PRODUCT_NAME = "$(TARGET_NAME)";
			};
			name = Debug;
		};
		1C0B97821EAB56A4001666AF /* Release */ = {
			isa = XCBuildConfiguration;
			buildSettings = {
				ASSETCATALOG_COMPILER_APPICON_NAME = AppIcon;
				DEVELOPMENT_TEAM = QSXU259F8V;
				GCC_PRECOMPILE_PREFIX_HEADER = YES;
				GCC_PREFIX_HEADER = YZHUIAlertViewDemo/PrefixHeader.pch;
				INFOPLIST_FILE = YZHUIAlertViewDemo/Info.plist;
				IPHONEOS_DEPLOYMENT_TARGET = 9.3;
				LD_RUNPATH_SEARCH_PATHS = "$(inherited) @executable_path/Frameworks";
				PRODUCT_BUNDLE_IDENTIFIER = test.YZHUIAlertViewDemo;
				PRODUCT_NAME = "$(TARGET_NAME)";
			};
			name = Release;
		};
/* End XCBuildConfiguration section */

/* Begin XCConfigurationList section */
		1C0B97641EAB56A4001666AF /* Build configuration list for PBXProject "YZHUIAlertViewDemo" */ = {
			isa = XCConfigurationList;
			buildConfigurations = (
				1C0B977E1EAB56A4001666AF /* Debug */,
				1C0B977F1EAB56A4001666AF /* Release */,
			);
			defaultConfigurationIsVisible = 0;
			defaultConfigurationName = Release;
		};
		1C0B97801EAB56A4001666AF /* Build configuration list for PBXNativeTarget "YZHUIAlertViewDemo" */ = {
			isa = XCConfigurationList;
			buildConfigurations = (
				1C0B97811EAB56A4001666AF /* Debug */,
				1C0B97821EAB56A4001666AF /* Release */,
			);
			defaultConfigurationIsVisible = 0;
			defaultConfigurationName = Release;
		};
/* End XCConfigurationList section */
	};
	rootObject = 1C0B97611EAB56A4001666AF /* Project object */;
}
